
Microsoft Visual Studio Solution File, Format Version 12.00
# Visual Studio Version 17
VisualStudioVersion = 17.5.002.0
MinimumVisualStudioVersion = 10.0.40219.1
Project("{2150E333-8FDC-42A3-9474-1A3956D46DE8}") = "backend", "backend", "{9C1BE9AD-F150-4432-9A42-A417C46E4815}"
EndProject
Project("{9A19103F-16F7-4668-BE54-9A1E7A4F7556}") = "api", "backend\api\api.csproj", "{EDDF845F-EDB7-4A6E-972B-74C133FF463A}"
EndProject
Global
	GlobalSection(SolutionConfigurationPlatforms) = preSolution
		Debug|Any CPU = Debug|Any CPU
		Release|Any CPU = Release|Any CPU
	EndGlobalSection
	GlobalSection(ProjectConfigurationPlatforms) = postSolution
		{EDDF845F-EDB7-4A6E-972B-74C133FF463A}.Debug|Any CPU.ActiveCfg = Debug|Any CPU
		{EDDF845F-EDB7-4A6E-972B-74C133FF463A}.Debug|Any CPU.Build.0 = Debug|Any CPU
		{EDDF845F-EDB7-4A6E-972B-74C133FF463A}.Release|Any CPU.ActiveCfg = Release|Any CPU
		{EDDF845F-EDB7-4A6E-972B-74C133FF463A}.Release|Any CPU.Build.0 = Release|Any CPU
	EndGlobalSection
	GlobalSection(SolutionProperties) = preSolution
		HideSolutionNode = FALSE
	EndGlobalSection
	GlobalSection(NestedProjects) = preSolution
		{EDDF845F-EDB7-4A6E-972B-74C133FF463A} = {9C1BE9AD-F150-4432-9A42-A417C46E4815}
	EndGlobalSection
	GlobalSection(ExtensibilityGlobals) = postSolution
		SolutionGuid = {1CB7766D-1574-4CC6-848D-006F0876B367}
	EndGlobalSection
EndGlobal
